Microsoft Visual Studio Solution File, Format Version 12.00
# Visual Studio Version 17
VisualStudioVersion = 17.5.2.0
MinimumVisualStudioVersion = 10.0.40219.1
Project("{FAE04EC0-301F-11D3-BF4B-00C04F79EFBC}") = "AdminSiste", "AdminSiste\AdminSiste.csproj", "{84D8BF31-1A8A-8D7F-2119-468DB508EBDF}"
EndProject
Global
	GlobalSection(SolutionConfigurationPlatforms) = preSolution
		Debug|Any CPU = Debug|Any CPU
		Release|Any CPU = Release|Any CPU
	EndGlobalSection
	GlobalSection(ProjectConfigurationPlatforms) = postSolution
		{84D8BF31-1A8A-8D7F-2119-468DB508EBDF}.Debug|Any CPU.ActiveCfg = Debug|Any CPU
		{84D8BF31-1A8A-8D7F-2119-468DB508EBDF}.Debug|Any CPU.Build.0 = Debug|Any CPU
		{84D8BF31-1A8A-8D7F-2119-468DB508EBDF}.Release|Any CPU.ActiveCfg = Release|Any CPU
		{84D8BF31-1A8A-8D7F-2119-468DB508EBDF}.Release|Any CPU.Build.0 = Release|Any CPU
	EndGlobalSection
	GlobalSection(SolutionProperties) = preSolution
		HideSolutionNode = FALSE
	EndGlobalSection
	GlobalSection(ExtensibilityGlobals) = postSolution
		SolutionGuid = {EFE37BE1-56D8-47D6-A424-8DBF0305C333}
	EndGlobalSection
EndGlobal
